
Microsoft Visual Studio Solution File, Format Version 12.00
# Visual Studio Version 17
VisualStudioVersion = 17.0.31912.275
MinimumVisualStudioVersion = 10.0.40219.1
Project("{FAE04EC0-301F-11D3-BF4B-00C04F79EFBC}") = "Bertus-Igrannonica", "Bertus-Igrannonica.csproj", "{8F47288E-63D8-458E-9BC2-D98208030ED1}"
EndProject
Global
	GlobalSection(SolutionConfigurationPlatforms) = preSolution
		Debug|Any CPU = Debug|Any CPU
		Release|Any CPU = Release|Any CPU
	EndGlobalSection
	GlobalSection(ProjectConfigurationPlatforms) = postSolution
		{8F47288E-63D8-458E-9BC2-D98208030ED1}.Debug|Any CPU.ActiveCfg = Debug|Any CPU
		{8F47288E-63D8-458E-9BC2-D98208030ED1}.Debug|Any CPU.Build.0 = Debug|Any CPU
		{8F47288E-63D8-458E-9BC2-D98208030ED1}.Release|Any CPU.ActiveCfg = Release|Any CPU
		{8F47288E-63D8-458E-9BC2-D98208030ED1}.Release|Any CPU.Build.0 = Release|Any CPU
	EndGlobalSection
	GlobalSection(SolutionProperties) = preSolution
		HideSolutionNode = FALSE
	EndGlobalSection
	GlobalSection(ExtensibilityGlobals) = postSolution
		SolutionGuid = {E7945B7D-9B7F-47F2-A914-A5FDBCA03F18}
	EndGlobalSection
EndGlobal
